
Microsoft Visual Studio Solution File, Format Version 12.00
# Visual Studio Version 16
VisualStudioVersion = 16.0.31129.286
MinimumVisualStudioVersion = 10.0.40219.1
Project("{FAE04EC0-301F-11D3-BF4B-00C04F79EFBC}") = "RentalCarProject", "RentalCarProject\RentalCarProject.csproj", "{2620601F-865A-4868-BCC3-F0655A4F5D18}"
EndProject
Global
	GlobalSection(SolutionConfigurationPlatforms) = preSolution
		Debug|Any CPU = Debug|Any CPU
		Release|Any CPU = Release|Any CPU
	EndGlobalSection
	GlobalSection(ProjectConfigurationPlatforms) = postSolution
		{2620601F-865A-4868-BCC3-F0655A4F5D18}.Debug|Any CPU.ActiveCfg = Debug|Any CPU
		{2620601F-865A-4868-BCC3-F0655A4F5D18}.Debug|Any CPU.Build.0 = Debug|Any CPU
		{2620601F-865A-4868-BCC3-F0655A4F5D18}.Release|Any CPU.ActiveCfg = Release|Any CPU
		{2620601F-865A-4868-BCC3-F0655A4F5D18}.Release|Any CPU.Build.0 = Release|Any CPU
	EndGlobalSection
	GlobalSection(SolutionProperties) = preSolution
		HideSolutionNode = FALSE
	EndGlobalSection
	GlobalSection(ExtensibilityGlobals) = postSolution
		SolutionGuid = {AF9E2A36-C6C5-4993-BB85-E5D37277778C}
	EndGlobalSection
EndGlobal
